
Microsoft Visual Studio Solution File, Format Version 12.00
# Visual Studio 2012
Project("{FAE04EC0-301F-11D3-BF4B-00C04F79EFBC}") = "mpps", "mpps\mpps.csproj", "{81E552A0-F3BD-4F7B-A3C1-9B909170860C}"
EndProject
Project("{FAE04EC0-301F-11D3-BF4B-00C04F79EFBC}") = "mpps.domains", "mpps.domain\mpps.domains.csproj", "{C68865A8-501D-454B-820B-DEE4DF7B85C6}"
EndProject
Project("{FAE04EC0-301F-11D3-BF4B-00C04F79EFBC}") = "mpps.models", "mpps.models\mpps.models.csproj", "{0EBDD258-5BA6-42B4-AC11-444D7A150195}"
EndProject
Project("{FAE04EC0-301F-11D3-BF4B-00C04F79EFBC}") = "sampleclient", "sampleclient\sampleclient.csproj", "{EB014D3D-4852-4F1E-99F0-15DADF8A81F2}"
EndProject
Project("{2150E333-8FDC-42A3-9474-1A3956D46DE8}") = ".nuget", ".nuget", "{284549C8-28BA-44AD-BFAD-F70AC2E53F26}"
	ProjectSection(SolutionItems) = preProject
		.nuget\NuGet.Config = .nuget\NuGet.Config
		.nuget\NuGet.exe = .nuget\NuGet.exe
		.nuget\NuGet.targets = .nuget\NuGet.targets
	EndProjectSection
EndProject
Global
	GlobalSection(SolutionConfigurationPlatforms) = preSolution
		Debug|Any CPU = Debug|Any CPU
		Release|Any CPU = Release|Any CPU
	EndGlobalSection
	GlobalSection(ProjectConfigurationPlatforms) = postSolution
		{81E552A0-F3BD-4F7B-A3C1-9B909170860C}.Debug|Any CPU.ActiveCfg = Debug|Any CPU
		{81E552A0-F3BD-4F7B-A3C1-9B909170860C}.Debug|Any CPU.Build.0 = Debug|Any CPU
		{81E552A0-F3BD-4F7B-A3C1-9B909170860C}.Release|Any CPU.ActiveCfg = Release|Any CPU
		{81E552A0-F3BD-4F7B-A3C1-9B909170860C}.Release|Any CPU.Build.0 = Release|Any CPU
		{C68865A8-501D-454B-820B-DEE4DF7B85C6}.Debug|Any CPU.ActiveCfg = Debug|Any CPU
		{C68865A8-501D-454B-820B-DEE4DF7B85C6}.Debug|Any CPU.Build.0 = Debug|Any CPU
		{C68865A8-501D-454B-820B-DEE4DF7B85C6}.Release|Any CPU.ActiveCfg = Release|Any CPU
		{C68865A8-501D-454B-820B-DEE4DF7B85C6}.Release|Any CPU.Build.0 = Release|Any CPU
		{0EBDD258-5BA6-42B4-AC11-444D7A150195}.Debug|Any CPU.ActiveCfg = Debug|Any CPU
		{0EBDD258-5BA6-42B4-AC11-444D7A150195}.Debug|Any CPU.Build.0 = Debug|Any CPU
		{0EBDD258-5BA6-42B4-AC11-444D7A150195}.Release|Any CPU.ActiveCfg = Release|Any CPU
		{0EBDD258-5BA6-42B4-AC11-444D7A150195}.Release|Any CPU.Build.0 = Release|Any CPU
		{EB014D3D-4852-4F1E-99F0-15DADF8A81F2}.Debug|Any CPU.ActiveCfg = Debug|Any CPU
		{EB014D3D-4852-4F1E-99F0-15DADF8A81F2}.Debug|Any CPU.Build.0 = Debug|Any CPU
		{EB014D3D-4852-4F1E-99F0-15DADF8A81F2}.Release|Any CPU.ActiveCfg = Release|Any CPU
		{EB014D3D-4852-4F1E-99F0-15DADF8A81F2}.Release|Any CPU.Build.0 = Release|Any CPU
	EndGlobalSection
	GlobalSection(SolutionProperties) = preSolution
		HideSolutionNode = FALSE
	EndGlobalSection
EndGlobal
